
Microsoft Visual Studio Solution File, Format Version 12.00
# Visual Studio Version 16
VisualStudioVersion = 16.0.30104.148
MinimumVisualStudioVersion = 10.0.40219.1
Project("{9A19103F-16F7-4668-BE54-9A1E7A4F7556}") = "NpgSampleAppVeyorTests", "NpgSampleAppVeyorTests.csproj", "{95D115BE-0B6F-4688-811C-ADF8A438FC7B}"
EndProject
Global
	GlobalSection(SolutionConfigurationPlatforms) = preSolution
		Debug|Any CPU = Debug|Any CPU
		Release|Any CPU = Release|Any CPU
	EndGlobalSection
	GlobalSection(ProjectConfigurationPlatforms) = postSolution
		{95D115BE-0B6F-4688-811C-ADF8A438FC7B}.Debug|Any CPU.ActiveCfg = Debug|Any CPU
		{95D115BE-0B6F-4688-811C-ADF8A438FC7B}.Debug|Any CPU.Build.0 = Debug|Any CPU
		{95D115BE-0B6F-4688-811C-ADF8A438FC7B}.Release|Any CPU.ActiveCfg = Release|Any CPU
		{95D115BE-0B6F-4688-811C-ADF8A438FC7B}.Release|Any CPU.Build.0 = Release|Any CPU
	EndGlobalSection
	GlobalSection(SolutionProperties) = preSolution
		HideSolutionNode = FALSE
	EndGlobalSection
	GlobalSection(ExtensibilityGlobals) = postSolution
		SolutionGuid = {80C17F19-F9D2-44A3-8ADC-FCBFA473A4A6}
	EndGlobalSection
EndGlobal
